
Microsoft Visual Studio Solution File, Format Version 12.00
# Visual Studio Version 17
VisualStudioVersion = 17.9.34728.123
MinimumVisualStudioVersion = 10.0.40219.1
Project("{9A19103F-16F7-4668-BE54-9A1E7A4F7556}") = "ex07_EmployeeMngApp", "ex07_EmployeeMngApp\ex07_EmployeeMngApp.csproj", "{4995557D-EFE7-4F4A-A285-19737BA15BD2}"
EndProject
Project("{FAE04EC0-301F-11D3-BF4B-00C04F79EFBC}") = "ex10_MovieFinder2024", "ex10_MovieFinder2024\ex10_MovieFinder2024.csproj", "{0DBF4AB6-3548-48B2-966B-27125CA90B84}"
EndProject
Global
	GlobalSection(SolutionConfigurationPlatforms) = preSolution
		Debug|Any CPU = Debug|Any CPU
		Release|Any CPU = Release|Any CPU
	EndGlobalSection
	GlobalSection(ProjectConfigurationPlatforms) = postSolution
		{4995557D-EFE7-4F4A-A285-19737BA15BD2}.Debug|Any CPU.ActiveCfg = Debug|Any CPU
		{4995557D-EFE7-4F4A-A285-19737BA15BD2}.Debug|Any CPU.Build.0 = Debug|Any CPU
		{4995557D-EFE7-4F4A-A285-19737BA15BD2}.Release|Any CPU.ActiveCfg = Release|Any CPU
		{4995557D-EFE7-4F4A-A285-19737BA15BD2}.Release|Any CPU.Build.0 = Release|Any CPU
		{0DBF4AB6-3548-48B2-966B-27125CA90B84}.Debug|Any CPU.ActiveCfg = Debug|Any CPU
		{0DBF4AB6-3548-48B2-966B-27125CA90B84}.Debug|Any CPU.Build.0 = Debug|Any CPU
		{0DBF4AB6-3548-48B2-966B-27125CA90B84}.Release|Any CPU.ActiveCfg = Release|Any CPU
		{0DBF4AB6-3548-48B2-966B-27125CA90B84}.Release|Any CPU.Build.0 = Release|Any CPU
	EndGlobalSection
	GlobalSection(SolutionProperties) = preSolution
		HideSolutionNode = FALSE
	EndGlobalSection
	GlobalSection(ExtensibilityGlobals) = postSolution
		SolutionGuid = {F5B68D3D-9358-43F0-838C-10A9FA79DE11}
	EndGlobalSection
EndGlobal
